// !$*UTF8*$!
{
	archiveVersion = 1;
	classes = {
	};
	objectVersion = 56;
	objects = {

/* Begin PBXBuildFile section */
		BC21DAE72CECA66C0084F307 /* MainAppApp.swift in Sources */ = {isa = PBXBuildFile; fileRef = BC21DAE62CECA66C0084F307 /* MainAppApp.swift */; };
		BC21DAE92CECA66C0084F307 /* ContentView.swift in Sources */ = {isa = PBXBuildFile; fileRef = BC21DAE82CECA66C0084F307 /* ContentView.swift */; };
		BC21DAEB2CECA6830084F307 /* Assets.xcassets in Resources */ = {isa = PBXBuildFile; fileRef = BC21DAEA2CECA6830084F307 /* Assets.xcassets */; };
		BC21DAEE2CECA6830084F307 /* Preview Assets.xcassets in Resources */ = {isa = PBXBuildFile; fileRef = BC21DAED2CECA6830084F307 /* Preview Assets.xcassets */; };
		BC21DAF82CECA6850084F307 /* MainAppTests.swift in Sources */ = {isa = PBXBuildFile; fileRef = BC21DAF72CECA6850084F307 /* MainAppTests.swift */; };
		BC21DB022CECA6860084F307 /* MainAppUITests.swift in Sources */ = {isa = PBXBuildFile; fileRef = BC21DB012CECA6860084F307 /* MainAppUITests.swift */; };
		BC21DB042CECA6860084F307 /* MainAppUITestsLaunchTests.swift in Sources */ = {isa = PBXBuildFile; fileRef = BC21DB032CECA6860084F307 /* MainAppUITestsLaunchTests.swift */; };
		BC21DB172CECA6B40084F307 /* WidgetKit.framework in Frameworks */ = {isa = PBXBuildFile; fileRef = BC21DB162CECA6B40084F307 /* WidgetKit.framework */; };
		BC21DB192CECA6B40084F307 /* SwiftUI.framework in Frameworks */ = {isa = PBXBuildFile; fileRef = BC21DB182CECA6B40084F307 /* SwiftUI.framework */; };
		BC21DB1C2CECA6B40084F307 /* NoteWidgetBundle.swift in Sources */ = {isa = PBXBuildFile; fileRef = BC21DB1B2CECA6B40084F307 /* NoteWidgetBundle.swift */; };
		BC21DB1E2CECA6B40084F307 /* NoteWidgetLiveActivity.swift in Sources */ = {isa = PBXBuildFile; fileRef = BC21DB1D2CECA6B40084F307 /* NoteWidgetLiveActivity.swift */; };
		BC21DB202CECA6B40084F307 /* NoteWidget.swift in Sources */ = {isa = PBXBuildFile; fileRef = BC21DB1F2CECA6B40084F307 /* NoteWidget.swift */; };
		BC21DB222CECA6B40084F307 /* AppIntent.swift in Sources */ = {isa = PBXBuildFile; fileRef = BC21DB212CECA6B40084F307 /* AppIntent.swift */; };
		BC21DB242CECA6B80084F307 /* Assets.xcassets in Resources */ = {isa = PBXBuildFile; fileRef = BC21DB232CECA6B80084F307 /* Assets.xcassets */; };
		BC21DB282CECA6B80084F307 /* NoteWidgetExtension.appex in Embed Foundation Extensions */ = {isa = PBXBuildFile; fileRef = BC21DB142CECA6B40084F307 /* NoteWidgetExtension.appex */; settings = {ATTRIBUTES = (RemoveHeadersOnCopy, ); }; };
/* End PBXBuildFile section */

/* Begin PBXContainerItemProxy section */
		BC21DAF42CECA6850084F307 /* PBXContainerItemProxy */ = {
			isa = PBXContainerItemProxy;
			containerPortal = BC21DADB2CECA66C0084F307 /* Project object */;
			proxyType = 1;
			remoteGlobalIDString = BC21DAE22CECA66C0084F307;
			remoteInfo = MainApp;
		};
		BC21DAFE2CECA6860084F307 /* PBXContainerItemProxy */ = {
			isa = PBXContainerItemProxy;
			containerPortal = BC21DADB2CECA66C0084F307 /* Project object */;
			proxyType = 1;
			remoteGlobalIDString = BC21DAE22CECA66C0084F307;
			remoteInfo = MainApp;
		};
		BC21DB262CECA6B80084F307 /* PBXContainerItemProxy */ = {
			isa = PBXContainerItemProxy;
			containerPortal = BC21DADB2CECA66C0084F307 /* Project object */;
			proxyType = 1;
			remoteGlobalIDString = BC21DB132CECA6B40084F307;
			remoteInfo = NoteWidgetExtension;
		};
/* End PBXContainerItemProxy section */

/* Begin PBXCopyFilesBuildPhase section */
		BC21DB2C2CECA6B90084F307 /* Embed Foundation Extensions */ = {
			isa = PBXCopyFilesBuildPhase;
			buildActionMask = 2147483647;
			dstPath = "";
			dstSubfolderSpec = 13;
			files = (
				BC21DB282CECA6B80084F307 /* NoteWidgetExtension.appex in Embed Foundation Extensions */,
			);
			name = "Embed Foundation Extensions";
			runOnlyForDeploymentPostprocessing = 0;
		};
/* End PBXCopyFilesBuildPhase section */

/* Begin PBXFileReference section */
		BC21DAE32CECA66C0084F307 /* MainApp.app */ = {isa = PBXFileReference; explicitFileType = wrapper.application; includeInIndex = 0; path = MainApp.app; sourceTree = BUILT_PRODUCTS_DIR; };
		BC21DAE62CECA66C0084F307 /* MainAppApp.swift */ = {isa = PBXFileReference; lastKnownFileType = sourcecode.swift; path = MainAppApp.swift; sourceTree = "<group>"; };
		BC21DAE82CECA66C0084F307 /* ContentView.swift */ = {isa = PBXFileReference; lastKnownFileType = sourcecode.swift; path = ContentView.swift; sourceTree = "<group>"; };
		BC21DAEA2CECA6830084F307 /* Assets.xcassets */ = {isa = PBXFileReference; lastKnownFileType = folder.assetcatalog; path = Assets.xcassets; sourceTree = "<group>"; };
		BC21DAED2CECA6830084F307 /* Preview Assets.xcassets */ = {isa = PBXFileReference; lastKnownFileType = folder.assetcatalog; path = "Preview Assets.xcassets"; sourceTree = "<group>"; };
		BC21DAF32CECA6850084F307 /* MainAppTests.xctest */ = {isa = PBXFileReference; explicitFileType = wrapper.cfbundle; includeInIndex = 0; path = MainAppTests.xctest; sourceTree = BUILT_PRODUCTS_DIR; };
		BC21DAF72CECA6850084F307 /* MainAppTests.swift */ = {isa = PBXFileReference; lastKnownFileType = sourcecode.swift; path = MainAppTests.swift; sourceTree = "<group>"; };
		BC21DAFD2CECA6850084F307 /* MainAppUITests.xctest */ = {isa = PBXFileReference; explicitFileType = wrapper.cfbundle; includeInIndex = 0; path = MainAppUITests.xctest; sourceTree = BUILT_PRODUCTS_DIR; };
		BC21DB012CECA6860084F307 /* MainAppUITests.swift */ = {isa = PBXFileReference; lastKnownFileType = sourcecode.swift; path = MainAppUITests.swift; sourceTree = "<group>"; };
		BC21DB032CECA6860084F307 /* MainAppUITestsLaunchTests.swift */ = {isa = PBXFileReference; lastKnownFileType = sourcecode.swift; path = MainAppUITestsLaunchTests.swift; sourceTree = "<group>"; };
		BC21DB142CECA6B40084F307 /* NoteWidgetExtension.appex */ = {isa = PBXFileReference; explicitFileType = "wrapper.app-extension"; includeInIndex = 0; path = NoteWidgetExtension.appex; sourceTree = BUILT_PRODUCTS_DIR; };
		BC21DB162CECA6B40084F307 /* WidgetKit.framework */ = {isa = PBXFileReference; lastKnownFileType = wrapper.framework; name = WidgetKit.framework; path = System/Library/Frameworks/WidgetKit.framework; sourceTree = SDKROOT; };
		BC21DB182CECA6B40084F307 /* SwiftUI.framework */ = {isa = PBXFileReference; lastKnownFileType = wrapper.framework; name = SwiftUI.framework; path = System/Library/Frameworks/SwiftUI.framework; sourceTree = SDKROOT; };
		BC21DB1B2CECA6B40084F307 /* NoteWidgetBundle.swift */ = {isa = PBXFileReference; lastKnownFileType = sourcecode.swift; path = NoteWidgetBundle.swift; sourceTree = "<group>"; };
		BC21DB1D2CECA6B40084F307 /* NoteWidgetLiveActivity.swift */ = {isa = PBXFileReference; lastKnownFileType = sourcecode.swift; path = NoteWidgetLiveActivity.swift; sourceTree = "<group>"; };
		BC21DB1F2CECA6B40084F307 /* NoteWidget.swift */ = {isa = PBXFileReference; lastKnownFileType = sourcecode.swift; path = NoteWidget.swift; sourceTree = "<group>"; };
		BC21DB212CECA6B40084F307 /* AppIntent.swift */ = {isa = PBXFileReference; lastKnownFileType = sourcecode.swift; path = AppIntent.swift; sourceTree = "<group>"; };
		BC21DB232CECA6B80084F307 /* Assets.xcassets */ = {isa = PBXFileReference; lastKnownFileType = folder.assetcatalog; path = Assets.xcassets; sourceTree = "<group>"; };
		BC21DB252CECA6B80084F307 /* Info.plist */ = {isa = PBXFileReference; lastKnownFileType = text.plist.xml; path = Info.plist; sourceTree = "<group>"; };
/* End PBXFileReference section */

/* Begin PBXFrameworksBuildPhase section */
		BC21DAE02CECA66C0084F307 /* Frameworks */ = {
			isa = PBXFrameworksBuildPhase;
			buildActionMask = 2147483647;
			files = (
			);
			runOnlyForDeploymentPostprocessing = 0;
		};
		BC21DAF02CECA6850084F307 /* Frameworks */ = {
			isa = PBXFrameworksBuildPhase;
			buildActionMask = 2147483647;
			files = (
			);
			runOnlyForDeploymentPostprocessing = 0;
		};
		BC21DAFA2CECA6850084F307 /* Frameworks */ = {
			isa = PBXFrameworksBuildPhase;
			buildActionMask = 2147483647;
			files = (
			);
			runOnlyForDeploymentPostprocessing = 0;
		};
		BC21DB112CECA6B40084F307 /* Frameworks */ = {
			isa = PBXFrameworksBuildPhase;
			buildActionMask = 2147483647;
			files = (
				BC21DB192CECA6B40084F307 /* SwiftUI.framework in Frameworks */,
				BC21DB172CECA6B40084F307 /* WidgetKit.framework in Frameworks */,
			);
			runOnlyForDeploymentPostprocessing = 0;
		};
/* End PBXFrameworksBuildPhase section */

/* Begin PBXGroup section */
		BC21DADA2CECA66C0084F307 = {
			isa = PBXGroup;
			children = (
				BC21DAE52CECA66C0084F307 /* MainApp */,
				BC21DAF62CECA6850084F307 /* MainAppTests */,
				BC21DB002CECA6860084F307 /* MainAppUITests */,
				BC21DB1A2CECA6B40084F307 /* NoteWidget */,
				BC21DB152CECA6B40084F307 /* Frameworks */,
				BC21DAE42CECA66C0084F307 /* Products */,
			);
			sourceTree = "<group>";
		};
		BC21DAE42CECA66C0084F307 /* Products */ = {
			isa = PBXGroup;
			children = (
				BC21DAE32CECA66C0084F307 /* MainApp.app */,
				BC21DAF32CECA6850084F307 /* MainAppTests.xctest */,
				BC21DAFD2CECA6850084F307 /* MainAppUITests.xctest */,
				BC21DB142CECA6B40084F307 /* NoteWidgetExtension.appex */,
			);
			name = Products;
			sourceTree = "<group>";
		};
		BC21DAE52CECA66C0084F307 /* MainApp */ = {
			isa = PBXGroup;
			children = (
				BC21DAE62CECA66C0084F307 /* MainAppApp.swift */,
				BC21DAE82CECA66C0084F307 /* ContentView.swift */,
				BC21DAEA2CECA6830084F307 /* Assets.xcassets */,
				BC21DAEC2CECA6830084F307 /* Preview Content */,
			);
			path = MainApp;
			sourceTree = "<group>";
		};
		BC21DAEC2CECA6830084F307 /* Preview Content */ = {
			isa = PBXGroup;
			children = (
				BC21DAED2CECA6830084F307 /* Preview Assets.xcassets */,
			);
			path = "Preview Content";
			sourceTree = "<group>";
		};
		BC21DAF62CECA6850084F307 /* MainAppTests */ = {
			isa = PBXGroup;
			children = (
				BC21DAF72CECA6850084F307 /* MainAppTests.swift */,
			);
			path = MainAppTests;
			sourceTree = "<group>";
		};
		BC21DB002CECA6860084F307 /* MainAppUITests */ = {
			isa = PBXGroup;
			children = (
				BC21DB012CECA6860084F307 /* MainAppUITests.swift */,
				BC21DB032CECA6860084F307 /* MainAppUITestsLaunchTests.swift */,
			);
			path = MainAppUITests;
			sourceTree = "<group>";
		};
		BC21DB152CECA6B40084F307 /* Frameworks */ = {
			isa = PBXGroup;
			children = (
				BC21DB162CECA6B40084F307 /* WidgetKit.framework */,
				BC21DB182CECA6B40084F307 /* SwiftUI.framework */,
			);
			name = Frameworks;
			sourceTree = "<group>";
		};
		BC21DB1A2CECA6B40084F307 /* NoteWidget */ = {
			isa = PBXGroup;
			children = (
				BC21DB1B2CECA6B40084F307 /* NoteWidgetBundle.swift */,
				BC21DB1D2CECA6B40084F307 /* NoteWidgetLiveActivity.swift */,
				BC21DB1F2CECA6B40084F307 /* NoteWidget.swift */,
				BC21DB212CECA6B40084F307 /* AppIntent.swift */,
				BC21DB232CECA6B80084F307 /* Assets.xcassets */,
				BC21DB252CECA6B80084F307 /* Info.plist */,
			);
			path = NoteWidget;
			sourceTree = "<group>";
		};
/* End PBXGroup section */

/* Begin PBXNativeTarget section */
		BC21DAE22CECA66C0084F307 /* MainApp */ = {
			isa = PBXNativeTarget;
			buildConfigurationList = BC21DB072CECA6860084F307 /* Build configuration list for PBXNativeTarget "MainApp" */;
			buildPhases = (
				BC21DADF2CECA66C0084F307 /* Sources */,
				BC21DAE02CECA66C0084F307 /* Frameworks */,
				BC21DAE12CECA66C0084F307 /* Resources */,
				BC21DB2C2CECA6B90084F307 /* Embed Foundation Extensions */,
			);
			buildRules = (
			);
			dependencies = (
				BC21DB272CECA6B80084F307 /* PBXTargetDependency */,
			);
			name = MainApp;
			productName = MainApp;
			productReference = BC21DAE32CECA66C0084F307 /* MainApp.app */;
			productType = "com.apple.product-type.application";
		};
		BC21DAF22CECA6850084F307 /* MainAppTests */ = {
			isa = PBXNativeTarget;
			buildConfigurationList = BC21DB0A2CECA6860084F307 /* Build configuration list for PBXNativeTarget "MainAppTests" */;
			buildPhases = (
				BC21DAEF2CECA6850084F307 /* Sources */,
				BC21DAF02CECA6850084F307 /* Frameworks */,
				BC21DAF12CECA6850084F307 /* Resources */,
			);
			buildRules = (
			);
			dependencies = (
				BC21DAF52CECA6850084F307 /* PBXTargetDependency */,
			);
			name = MainAppTests;
			productName = MainAppTests;
			productReference = BC21DAF32CECA6850084F307 /* MainAppTests.xctest */;
			productType = "com.apple.product-type.bundle.unit-test";
		};
		BC21DAFC2CECA6850084F307 /* MainAppUITests */ = {
			isa = PBXNativeTarget;
			buildConfigurationList = BC21DB0D2CECA6860084F307 /* Build configuration list for PBXNativeTarget "MainAppUITests" */;
			buildPhases = (
				BC21DAF92CECA6850084F307 /* Sources */,
				BC21DAFA2CECA6850084F307 /* Frameworks */,
				BC21DAFB2CECA6850084F307 /* Resources */,
			);
			buildRules = (
			);
			dependencies = (
				BC21DAFF2CECA6860084F307 /* PBXTargetDependency */,
			);
			name = MainAppUITests;
			productName = MainAppUITests;
			productReference = BC21DAFD2CECA6850084F307 /* MainAppUITests.xctest */;
			productType = "com.apple.product-type.bundle.ui-testing";
		};
		BC21DB132CECA6B40084F307 /* NoteWidgetExtension */ = {
			isa = PBXNativeTarget;
			buildConfigurationList = BC21DB292CECA6B90084F307 /* Build configuration list for PBXNativeTarget "NoteWidgetExtension" */;
			buildPhases = (
				BC21DB102CECA6B40084F307 /* Sources */,
				BC21DB112CECA6B40084F307 /* Frameworks */,
				BC21DB122CECA6B40084F307 /* Resources */,
			);
			buildRules = (
			);
			dependencies = (
			);
			name = NoteWidgetExtension;
			productName = NoteWidgetExtension;
			productReference = BC21DB142CECA6B40084F307 /* NoteWidgetExtension.appex */;
			productType = "com.apple.product-type.app-extension";
		};
/* End PBXNativeTarget section */

/* Begin PBXProject section */
		BC21DADB2CECA66C0084F307 /* Project object */ = {
			isa = PBXProject;
			attributes = {
				BuildIndependentTargetsInParallel = 1;
				LastSwiftUpdateCheck = 1510;
				LastUpgradeCheck = 1510;
				TargetAttributes = {
					BC21DAE22CECA66C0084F307 = {
						CreatedOnToolsVersion = 15.1;
					};
					BC21DAF22CECA6850084F307 = {
						CreatedOnToolsVersion = 15.1;
						TestTargetID = BC21DAE22CECA66C0084F307;
					};
					BC21DAFC2CECA6850084F307 = {
						CreatedOnToolsVersion = 15.1;
						TestTargetID = BC21DAE22CECA66C0084F307;
					};
					BC21DB132CECA6B40084F307 = {
						CreatedOnToolsVersion = 15.1;
					};
				};
			};
			buildConfigurationList = BC21DADE2CECA66C0084F307 /* Build configuration list for PBXProject "MainApp" */;
			compatibilityVersion = "Xcode 14.0";
			developmentRegion = en;
			hasScannedForEncodings = 0;
			knownRegions = (
				en,
				Base,
			);
			mainGroup = BC21DADA2CECA66C0084F307;
			productRefGroup = BC21DAE42CECA66C0084F307 /* Products */;
			projectDirPath = "";
			projectRoot = "";
			targets = (
				BC21DAE22CECA66C0084F307 /* MainApp */,
				BC21DAF22CECA6850084F307 /* MainAppTests */,
				BC21DAFC2CECA6850084F307 /* MainAppUITests */,
				BC21DB132CECA6B40084F307 /* NoteWidgetExtension */,
			);
		};
/* End PBXProject section */

/* Begin PBXResourcesBuildPhase section */
		BC21DAE12CECA66C0084F307 /* Resources */ = {
			isa = PBXResourcesBuildPhase;
			buildActionMask = 2147483647;
			files = (
				BC21DAEE2CECA6830084F307 /* Preview Assets.xcassets in Resources */,
				BC21DAEB2CECA6830084F307 /* Assets.xcassets in Resources */,
			);
			runOnlyForDeploymentPostprocessing = 0;
		};
		BC21DAF12CECA6850084F307 /* Resources */ = {
			isa = PBXResourcesBuildPhase;
			buildActionMask = 2147483647;
			files = (
			);
			runOnlyForDeploymentPostprocessing = 0;
		};
		BC21DAFB2CECA6850084F307 /* Resources */ = {
			isa = PBXResourcesBuildPhase;
			buildActionMask = 2147483647;
			files = (
			);
			runOnlyForDeploymentPostprocessing = 0;
		};
		BC21DB122CECA6B40084F307 /* Resources */ = {
			isa = PBXResourcesBuildPhase;
			buildActionMask = 2147483647;
			files = (
				BC21DB242CECA6B80084F307 /* Assets.xcassets in Resources */,
			);
			runOnlyForDeploymentPostprocessing = 0;
		};
/* End PBXResourcesBuildPhase section */

/* Begin PBXSourcesBuildPhase section */
		BC21DADF2CECA66C0084F307 /* Sources */ = {
			isa = PBXSourcesBuildPhase;
			buildActionMask = 2147483647;
			files = (
				BC21DAE92CECA66C0084F307 /* ContentView.swift in Sources */,
				BC21DAE72CECA66C0084F307 /* MainAppApp.swift in Sources */,
			);
			runOnlyForDeploymentPostprocessing = 0;
		};
		BC21DAEF2CECA6850084F307 /* Sources */ = {
			isa = PBXSourcesBuildPhase;
			buildActionMask = 2147483647;
			files = (
				BC21DAF82CECA6850084F307 /* MainAppTests.swift in Sources */,
			);
			runOnlyForDeploymentPostprocessing = 0;
		};
		BC21DAF92CECA6850084F307 /* Sources */ = {
			isa = PBXSourcesBuildPhase;
			buildActionMask = 2147483647;
			files = (
				BC21DB022CECA6860084F307 /* MainAppUITests.swift in Sources */,
				BC21DB042CECA6860084F307 /* MainAppUITestsLaunchTests.swift in Sources */,
			);
			runOnlyForDeploymentPostprocessing = 0;
		};
		BC21DB102CECA6B40084F307 /* Sources */ = {
			isa = PBXSourcesBuildPhase;
			buildActionMask = 2147483647;
			files = (
				BC21DB202CECA6B40084F307 /* NoteWidget.swift in Sources */,
				BC21DB222CECA6B40084F307 /* AppIntent.swift in Sources */,
				BC21DB1E2CECA6B40084F307 /* NoteWidgetLiveActivity.swift in Sources */,
				BC21DB1C2CECA6B40084F307 /* NoteWidgetBundle.swift in Sources */,
			);
			runOnlyForDeploymentPostprocessing = 0;
		};
/* End PBXSourcesBuildPhase section */

/* Begin PBXTargetDependency section */
		BC21DAF52CECA6850084F307 /* PBXTargetDependency */ = {
			isa = PBXTargetDependency;
			target = BC21DAE22CECA66C0084F307 /* MainApp */;
			targetProxy = BC21DAF42CECA6850084F307 /* PBXContainerItemProxy */;
		};
		BC21DAFF2CECA6860084F307 /* PBXTargetDependency */ = {
			isa = PBXTargetDependency;
			target = BC21DAE22CECA66C0084F307 /* MainApp */;
			targetProxy = BC21DAFE2CECA6860084F307 /* PBXContainerItemProxy */;
		};
		BC21DB272CECA6B80084F307 /* PBXTargetDependency */ = {
			isa = PBXTargetDependency;
			target = BC21DB132CECA6B40084F307 /* NoteWidgetExtension */;
			targetProxy = BC21DB262CECA6B80084F307 /* PBXContainerItemProxy */;
		};
/* End PBXTargetDependency section */

/* Begin XCBuildConfiguration section */
		BC21DB052CECA6860084F307 /* Debug */ = {
			isa = XCBuildConfiguration;
			buildSettings = {
				ALWAYS_SEARCH_USER_PATHS = NO;
				ASSETCATALOG_COMPILER_GENERATE_SWIFT_ASSET_SYMBOL_EXTENSIONS = YES;
				CLANG_ANALYZER_NONNULL = YES;
				CLANG_ANALYZER_NUMBER_OBJECT_CONVERSION = YES_AGGRESSIVE;
				CLANG_CXX_LANGUAGE_STANDARD = "gnu++20";
				CLANG_ENABLE_MODULES = YES;
				CLANG_ENABLE_OBJC_ARC = YES;
				CLANG_ENABLE_OBJC_WEAK = YES;
				CLANG_WARN_BLOCK_CAPTURE_AUTORELEASING = YES;
				CLANG_WARN_BOOL_CONVERSION = YES;
				CLANG_WARN_COMMA = YES;
				CLANG_WARN_CONSTANT_CONVERSION = YES;
				CLANG_WARN_DEPRECATED_OBJC_IMPLEMENTATIONS = YES;
				CLANG_WARN_DIRECT_OBJC_ISA_USAGE = YES_ERROR;
				CLANG_WARN_DOCUMENTATION_COMMENTS = YES;
				CLANG_WARN_EMPTY_BODY = YES;
				CLANG_WARN_ENUM_CONVERSION = YES;
				CLANG_WARN_INFINITE_RECURSION = YES;
				CLANG_WARN_INT_CONVERSION = YES;
				CLANG_WARN_NON_LITERAL_NULL_CONVERSION = YES;
				CLANG_WARN_OBJC_IMPLICIT_RETAIN_SELF = YES;
				CLANG_WARN_OBJC_LITERAL_CONVERSION = YES;
				CLANG_WARN_OBJC_ROOT_CLASS = YES_ERROR;
				CLANG_WARN_QUOTED_INCLUDE_IN_FRAMEWORK_HEADER = YES;
				CLANG_WARN_RANGE_LOOP_ANALYSIS = YES;
				CLANG_WARN_STRICT_PROTOTYPES = YES;
				CLANG_WARN_SUSPICIOUS_MOVE = YES;
				CLANG_WARN_UNGUARDED_AVAILABILITY = YES_AGGRESSIVE;
				CLANG_WARN_UNREACHABLE_CODE = YES;
				CLANG_WARN__DUPLICATE_METHOD_MATCH = YES;
				COPY_PHASE_STRIP = NO;
				DEBUG_INFORMATION_FORMAT = dwarf;
				ENABLE_STRICT_OBJC_MSGSEND = YES;
				ENABLE_TESTABILITY = YES;
				ENABLE_USER_SCRIPT_SANDBOXING = YES;
				GCC_C_LANGUAGE_STANDARD = gnu17;
				GCC_DYNAMIC_NO_PIC = NO;
				GCC_NO_COMMON_BLOCKS = YES;
				GCC_OPTIMIZATION_LEVEL = 0;
				GCC_PREPROCESSOR_DEFINITIONS = (
					"DEBUG=1",
					"$(inherited)",
				);
				GCC_WARN_64_TO_32_BIT_CONVERSION = YES;
				GCC_WARN_ABOUT_RETURN_TYPE = YES_ERROR;
				GCC_WARN_UNDECLARED_SELECTOR = YES;
				GCC_WARN_UNINITIALIZED_AUTOS = YES_AGGRESSIVE;
				GCC_WARN_UNUSED_FUNCTION = YES;
				GCC_WARN_UNUSED_VARIABLE = YES;
				IPHONEOS_DEPLOYMENT_TARGET = 17.2;
				LOCALIZATION_PREFERS_STRING_CATALOGS = YES;
				MTL_ENABLE_DEBUG_INFO = INCLUDE_SOURCE;
				MTL_FAST_MATH = YES;
				ONLY_ACTIVE_ARCH = YES;
				SDKROOT = iphoneos;
				SWIFT_ACTIVE_COMPILATION_CONDITIONS = "DEBUG $(inherited)";
				SWIFT_OPTIMIZATION_LEVEL = "-Onone";
			};
			name = Debug;
		};
		BC21DB062CECA6860084F307 /* Release */ = {
			isa = XCBuildConfiguration;
			buildSettings = {
				ALWAYS_SEARCH_USER_PATHS = NO;
				ASSETCATALOG_COMPILER_GENERATE_SWIFT_ASSET_SYMBOL_EXTENSIONS = YES;
				CLANG_ANALYZER_NONNULL = YES;
				CLANG_ANALYZER_NUMBER_OBJECT_CONVERSION = YES_AGGRESSIVE;
				CLANG_CXX_LANGUAGE_STANDARD = "gnu++20";
				CLANG_ENABLE_MODULES = YES;
				CLANG_ENABLE_OBJC_ARC = YES;
				CLANG_ENABLE_OBJC_WEAK = YES;
				CLANG_WARN_BLOCK_CAPTURE_AUTORELEASING = YES;
				CLANG_WARN_BOOL_CONVERSION = YES;
				CLANG_WARN_COMMA = YES;
				CLANG_WARN_CONSTANT_CONVERSION = YES;
				CLANG_WARN_DEPRECATED_OBJC_IMPLEMENTATIONS = YES;
				CLANG_WARN_DIRECT_OBJC_ISA_USAGE = YES_ERROR;
				CLANG_WARN_DOCUMENTATION_COMMENTS = YES;
				CLANG_WARN_EMPTY_BODY = YES;
				CLANG_WARN_ENUM_CONVERSION = YES;
				CLANG_WARN_INFINITE_RECURSION = YES;
				CLANG_WARN_INT_CONVERSION = YES;
				CLANG_WARN_NON_LITERAL_NULL_CONVERSION = YES;
				CLANG_WARN_OBJC_IMPLICIT_RETAIN_SELF = YES;
				CLANG_WARN_OBJC_LITERAL_CONVERSION = YES;
				CLANG_WARN_OBJC_ROOT_CLASS = YES_ERROR;
				CLANG_WARN_QUOTED_INCLUDE_IN_FRAMEWORK_HEADER = YES;
				CLANG_WARN_RANGE_LOOP_ANALYSIS = YES;
				CLANG_WARN_STRICT_PROTOTYPES = YES;
				CLANG_WARN_SUSPICIOUS_MOVE = YES;
				CLANG_WARN_UNGUARDED_AVAILABILITY = YES_AGGRESSIVE;
				CLANG_WARN_UNREACHABLE_CODE = YES;
				CLANG_WARN__DUPLICATE_METHOD_MATCH = YES;
				COPY_PHASE_STRIP = NO;
				DEBUG_INFORMATION_FORMAT = "dwarf-with-dsym";
				ENABLE_NS_ASSERTIONS = NO;
				ENABLE_STRICT_OBJC_MSGSEND = YES;
				ENABLE_USER_SCRIPT_SANDBOXING = YES;
				GCC_C_LANGUAGE_STANDARD = gnu17;
				GCC_NO_COMMON_BLOCKS = YES;
				GCC_WARN_64_TO_32_BIT_CONVERSION = YES;
				GCC_WARN_ABOUT_RETURN_TYPE = YES_ERROR;
				GCC_WARN_UNDECLARED_SELECTOR = YES;
				GCC_WARN_UNINITIALIZED_AUTOS = YES_AGGRESSIVE;
				GCC_WARN_UNUSED_FUNCTION = YES;
				GCC_WARN_UNUSED_VARIABLE = YES;
				IPHONEOS_DEPLOYMENT_TARGET = 17.2;
				LOCALIZATION_PREFERS_STRING_CATALOGS = YES;
				MTL_ENABLE_DEBUG_INFO = NO;
				MTL_FAST_MATH = YES;
				SDKROOT = iphoneos;
				SWIFT_COMPILATION_MODE = wholemodule;
				VALIDATE_PRODUCT = YES;
			};
			name = Release;
		};
		BC21DB082CECA6860084F307 /* Debug */ = {
			isa = XCBuildConfiguration;
			buildSettings = {
				ALWAYS_EMBED_SWIFT_STANDARD_LIBRARIES = YES;
				ASSETCATALOG_COMPILER_APPICON_NAME = AppIcon;
				ASSETCATALOG_COMPILER_GLOBAL_ACCENT_COLOR_NAME = AccentColor;
				CODE_SIGN_STYLE = Automatic;
				CURRENT_PROJECT_VERSION = 1;
				DEVELOPMENT_ASSET_PATHS = "\"MainApp/Preview Content\"";
				DEVELOPMENT_TEAM = 2AG62S6R8X;
				ENABLE_PREVIEWS = YES;
				GENERATE_INFOPLIST_FILE = YES;
				INFOPLIST_KEY_UIApplicationSceneManifest_Generation = YES;
				INFOPLIST_KEY_UIApplicationSupportsIndirectInputEvents = YES;
				INFOPLIST_KEY_UILaunchScreen_Generation = YES;
				INFOPLIST_KEY_UISupportedInterfaceOrientations_iPad = "UIInterfaceOrientationPortrait UIInterfaceOrientationPortraitUpsideDown UIInterfaceOrientationLandscapeLeft UIInterfaceOrientationLandscapeRight";
				INFOPLIST_KEY_UISupportedInterfaceOrientations_iPhone = "UIInterfaceOrientationPortrait UIInterfaceOrientationLandscapeLeft UIInterfaceOrientationLandscapeRight";
				LD_RUNPATH_SEARCH_PATHS = (
					"$(inherited)",
					"@executable_path/Frameworks",
				);
				MARKETING_VERSION = 1.0;
				PRODUCT_BUNDLE_IDENTIFIER = jp.co.hyt.MainApp;
				PRODUCT_NAME = "$(TARGET_NAME)";
				SWIFT_EMIT_LOC_STRINGS = YES;
				SWIFT_VERSION = 5.0;
				TARGETED_DEVICE_FAMILY = "1,2";
			};
			name = Debug;
		};
		BC21DB092CECA6860084F307 /* Release */ = {
			isa = XCBuildConfiguration;
			buildSettings = {
				ALWAYS_EMBED_SWIFT_STANDARD_LIBRARIES = YES;
				ASSETCATALOG_COMPILER_APPICON_NAME = AppIcon;
				ASSETCATALOG_COMPILER_GLOBAL_ACCENT_COLOR_NAME = AccentColor;
				CODE_SIGN_STYLE = Automatic;
				CURRENT_PROJECT_VERSION = 1;
				DEVELOPMENT_ASSET_PATHS = "\"MainApp/Preview Content\"";
				DEVELOPMENT_TEAM = 2AG62S6R8X;
				ENABLE_PREVIEWS = YES;
				GENERATE_INFOPLIST_FILE = YES;
				INFOPLIST_KEY_UIApplicationSceneManifest_Generation = YES;
				INFOPLIST_KEY_UIApplicationSupportsIndirectInputEvents = YES;
				INFOPLIST_KEY_UILaunchScreen_Generation = YES;
				INFOPLIST_KEY_UISupportedInterfaceOrientations_iPad = "UIInterfaceOrientationPortrait UIInterfaceOrientationPortraitUpsideDown UIInterfaceOrientationLandscapeLeft UIInterfaceOrientationLandscapeRight";
				INFOPLIST_KEY_UISupportedInterfaceOrientations_iPhone = "UIInterfaceOrientationPortrait UIInterfaceOrientationLandscapeLeft UIInterfaceOrientationLandscapeRight";
				LD_RUNPATH_SEARCH_PATHS = (
					"$(inherited)",
					"@executable_path/Frameworks",
				);
				MARKETING_VERSION = 1.0;
				PRODUCT_BUNDLE_IDENTIFIER = jp.co.hyt.MainApp;
				PRODUCT_NAME = "$(TARGET_NAME)";
				SWIFT_EMIT_LOC_STRINGS = YES;
				SWIFT_VERSION = 5.0;
				TARGETED_DEVICE_FAMILY = "1,2";
			};
			name = Release;
		};
		BC21DB0B2CECA6860084F307 /* Debug */ = {
			isa = XCBuildConfiguration;
			buildSettings = {
				ALWAYS_EMBED_SWIFT_STANDARD_LIBRARIES = YES;
				BUNDLE_LOADER = "$(TEST_HOST)";
				CODE_SIGN_STYLE = Automatic;
				CURRENT_PROJECT_VERSION = 1;
				DEVELOPMENT_TEAM = 2AG62S6R8X;
				GENERATE_INFOPLIST_FILE = YES;
				IPHONEOS_DEPLOYMENT_TARGET = 17.2;
				MARKETING_VERSION = 1.0;
				PRODUCT_BUNDLE_IDENTIFIER = jp.co.hyt.MainAppTests;
				PRODUCT_NAME = "$(TARGET_NAME)";
				SWIFT_EMIT_LOC_STRINGS = NO;
				SWIFT_VERSION = 5.0;
				TARGETED_DEVICE_FAMILY = "1,2";
				TEST_HOST = "$(BUILT_PRODUCTS_DIR)/MainApp.app/$(BUNDLE_EXECUTABLE_FOLDER_PATH)/MainApp";
			};
			name = Debug;
		};
		BC21DB0C2CECA6860084F307 /* Release */ = {
			isa = XCBuildConfiguration;
			buildSettings = {
				ALWAYS_EMBED_SWIFT_STANDARD_LIBRARIES = YES;
				BUNDLE_LOADER = "$(TEST_HOST)";
				CODE_SIGN_STYLE = Automatic;
				CURRENT_PROJECT_VERSION = 1;
				DEVELOPMENT_TEAM = 2AG62S6R8X;
				GENERATE_INFOPLIST_FILE = YES;
				IPHONEOS_DEPLOYMENT_TARGET = 17.2;
				MARKETING_VERSION = 1.0;
				PRODUCT_BUNDLE_IDENTIFIER = jp.co.hyt.MainAppTests;
				PRODUCT_NAME = "$(TARGET_NAME)";
				SWIFT_EMIT_LOC_STRINGS = NO;
				SWIFT_VERSION = 5.0;
				TARGETED_DEVICE_FAMILY = "1,2";
				TEST_HOST = "$(BUILT_PRODUCTS_DIR)/MainApp.app/$(BUNDLE_EXECUTABLE_FOLDER_PATH)/MainApp";
			};
			name = Release;
		};
		BC21DB0E2CECA6860084F307 /* Debug */ = {
			isa = XCBuildConfiguration;
			buildSettings = {
				ALWAYS_EMBED_SWIFT_STANDARD_LIBRARIES = YES;
				CODE_SIGN_STYLE = Automatic;
				CURRENT_PROJECT_VERSION = 1;
				DEVELOPMENT_TEAM = 2AG62S6R8X;
				GENERATE_INFOPLIST_FILE = YES;
				MARKETING_VERSION = 1.0;
				PRODUCT_BUNDLE_IDENTIFIER = jp.co.hyt.MainAppUITests;
				PRODUCT_NAME = "$(TARGET_NAME)";
				SWIFT_EMIT_LOC_STRINGS = NO;
				SWIFT_VERSION = 5.0;
				TARGETED_DEVICE_FAMILY = "1,2";
				TEST_TARGET_NAME = MainApp;
			};
			name = Debug;
		};
		BC21DB0F2CECA6860084F307 /* Release */ = {
			isa = XCBuildConfiguration;
			buildSettings = {
				ALWAYS_EMBED_SWIFT_STANDARD_LIBRARIES = YES;
				CODE_SIGN_STYLE = Automatic;
				CURRENT_PROJECT_VERSION = 1;
				DEVELOPMENT_TEAM = 2AG62S6R8X;
				GENERATE_INFOPLIST_FILE = YES;
				MARKETING_VERSION = 1.0;
				PRODUCT_BUNDLE_IDENTIFIER = jp.co.hyt.MainAppUITests;
				PRODUCT_NAME = "$(TARGET_NAME)";
				SWIFT_EMIT_LOC_STRINGS = NO;
				SWIFT_VERSION = 5.0;
				TARGETED_DEVICE_FAMILY = "1,2";
				TEST_TARGET_NAME = MainApp;
			};
			name = Release;
		};
		BC21DB2A2CECA6B90084F307 /* Debug */ = {
			isa = XCBuildConfiguration;
			buildSettings = {
				ASSETCATALOG_COMPILER_GLOBAL_ACCENT_COLOR_NAME = AccentColor;
				ASSETCATALOG_COMPILER_WIDGET_BACKGROUND_COLOR_NAME = WidgetBackground;
				CODE_SIGN_STYLE = Automatic;
				CURRENT_PROJECT_VERSION = 1;
				DEVELOPMENT_TEAM = 2AG62S6R8X;
				GENERATE_INFOPLIST_FILE = YES;
				INFOPLIST_FILE = NoteWidget/Info.plist;
				INFOPLIST_KEY_CFBundleDisplayName = NoteWidget;
				INFOPLIST_KEY_NSHumanReadableCopyright = "";
				LD_RUNPATH_SEARCH_PATHS = (
					"$(inherited)",
					"@executable_path/Frameworks",
					"@executable_path/../../Frameworks",
				);
				MARKETING_VERSION = 1.0;
				PRODUCT_BUNDLE_IDENTIFIER = jp.co.hyt.MainApp.NoteWidget;
				PRODUCT_NAME = "$(TARGET_NAME)";
				SKIP_INSTALL = YES;
				SWIFT_EMIT_LOC_STRINGS = YES;
				SWIFT_VERSION = 5.0;
				TARGETED_DEVICE_FAMILY = "1,2";
			};
			name = Debug;
		};
		BC21DB2B2CECA6B90084F307 /* Release */ = {
			isa = XCBuildConfiguration;
			buildSettings = {
				ASSETCATALOG_COMPILER_GLOBAL_ACCENT_COLOR_NAME = AccentColor;
				ASSETCATALOG_COMPILER_WIDGET_BACKGROUND_COLOR_NAME = WidgetBackground;
				CODE_SIGN_STYLE = Automatic;
				CURRENT_PROJECT_VERSION = 1;
				DEVELOPMENT_TEAM = 2AG62S6R8X;
				GENERATE_INFOPLIST_FILE = YES;
				INFOPLIST_FILE = NoteWidget/Info.plist;
				INFOPLIST_KEY_CFBundleDisplayName = NoteWidget;
				INFOPLIST_KEY_NSHumanReadableCopyright = "";
				LD_RUNPATH_SEARCH_PATHS = (
					"$(inherited)",
					"@executable_path/Frameworks",
					"@executable_path/../../Frameworks",
				);
				MARKETING_VERSION = 1.0;
				PRODUCT_BUNDLE_IDENTIFIER = jp.co.hyt.MainApp.NoteWidget;
				PRODUCT_NAME = "$(TARGET_NAME)";
				SKIP_INSTALL = YES;
				SWIFT_EMIT_LOC_STRINGS = YES;
				SWIFT_VERSION = 5.0;
				TARGETED_DEVICE_FAMILY = "1,2";
			};
			name = Release;
		};
/* End XCBuildConfiguration section */

/* Begin XCConfigurationList section */
		BC21DADE2CECA66C0084F307 /* Build configuration list for PBXProject "MainApp" */ = {
			isa = XCConfigurationList;
			buildConfigurations = (
				BC21DB052CECA6860084F307 /* Debug */,
				BC21DB062CECA6860084F307 /* Release */,
			);
			defaultConfigurationIsVisible = 0;
			defaultConfigurationName = Release;
		};
		BC21DB072CECA6860084F307 /* Build configuration list for PBXNativeTarget "MainApp" */ = {
			isa = XCConfigurationList;
			buildConfigurations = (
				BC21DB082CECA6860084F307 /* Debug */,
				BC21DB092CECA6860084F307 /* Release */,
			);
			defaultConfigurationIsVisible = 0;
			defaultConfigurationName = Release;
		};
		BC21DB0A2CECA6860084F307 /* Build configuration list for PBXNativeTarget "MainAppTests" */ = {
			isa = XCConfigurationList;
			buildConfigurations = (
				BC21DB0B2CECA6860084F307 /* Debug */,
				BC21DB0C2CECA6860084F307 /* Release */,
			);
			defaultConfigurationIsVisible = 0;
			defaultConfigurationName = Release;
		};
		BC21DB0D2CECA6860084F307 /* Build configuration list for PBXNativeTarget "MainAppUITests" */ = {
			isa = XCConfigurationList;
			buildConfigurations = (
				BC21DB0E2CECA6860084F307 /* Debug */,
				BC21DB0F2CECA6860084F307 /* Release */,
			);
			defaultConfigurationIsVisible = 0;
			defaultConfigurationName = Release;
		};
		BC21DB292CECA6B90084F307 /* Build configuration list for PBXNativeTarget "NoteWidgetExtension" */ = {
			isa = XCConfigurationList;
			buildConfigurations = (
				BC21DB2A2CECA6B90084F307 /* Debug */,
				BC21DB2B2CECA6B90084F307 /* Release */,
			);
			defaultConfigurationIsVisible = 0;
			defaultConfigurationName = Release;
		};
/* End XCConfigurationList section */
	};
	rootObject = BC21DADB2CECA66C0084F307 /* Project object */;
}
